
Microsoft Visual Studio Solution File, Format Version 12.00
# Visual Studio 14
VisualStudioVersion = 14.0.25420.1
MinimumVisualStudioVersion = 10.0.40219.1
Project("{8BC9CEB8-8B4A-11D0-8D11-00A0C91BC942}") = "qwtplot3d-vc2015", "qwtplot3d-vc2015.vcxproj", "{40CD35CA-3D02-446C-A457-5461316E0BD9}"
EndProject
Project("{2150E333-8FDC-42A3-9474-1A3956D46DE8}") = "Examples", "Examples", "{00036FC7-C99E-4C2E-A62C-E5C1EC2726F2}"
EndProject
Project("{8BC9CEB8-8B4A-11D0-8D11-00A0C91BC942}") = "autoswitch-vc2015", "examples\autoswitch\autoswitch-vc2015.vcxproj", "{B12702AD-ABFB-343A-A199-8E24837244A3}"
	ProjectSection(ProjectDependencies) = postProject
		{40CD35CA-3D02-446C-A457-5461316E0BD9} = {40CD35CA-3D02-446C-A457-5461316E0BD9}
	EndProjectSection
EndProject
Global
	GlobalSection(SolutionConfigurationPlatforms) = preSolution
		Debug|x64 = Debug|x64
		Debug|x86 = Debug|x86
		Release|x64 = Release|x64
		Release|x86 = Release|x86
	EndGlobalSection
	GlobalSection(ProjectConfigurationPlatforms) = postSolution
		{40CD35CA-3D02-446C-A457-5461316E0BD9}.Debug|x64.ActiveCfg = Debug|x64
		{40CD35CA-3D02-446C-A457-5461316E0BD9}.Debug|x64.Build.0 = Debug|x64
		{40CD35CA-3D02-446C-A457-5461316E0BD9}.Debug|x86.ActiveCfg = Debug|Win32
		{40CD35CA-3D02-446C-A457-5461316E0BD9}.Debug|x86.Build.0 = Debug|Win32
		{40CD35CA-3D02-446C-A457-5461316E0BD9}.Release|x64.ActiveCfg = Release|x64
		{40CD35CA-3D02-446C-A457-5461316E0BD9}.Release|x64.Build.0 = Release|x64
		{40CD35CA-3D02-446C-A457-5461316E0BD9}.Release|x86.ActiveCfg = Release|Win32
		{40CD35CA-3D02-446C-A457-5461316E0BD9}.Release|x86.Build.0 = Release|Win32
		{B12702AD-ABFB-343A-A199-8E24837244A3}.Debug|x64.ActiveCfg = Debug|x64
		{B12702AD-ABFB-343A-A199-8E24837244A3}.Debug|x64.Build.0 = Debug|x64
		{B12702AD-ABFB-343A-A199-8E24837244A3}.Debug|x86.ActiveCfg = Debug|Win32
		{B12702AD-ABFB-343A-A199-8E24837244A3}.Debug|x86.Build.0 = Debug|Win32
		{B12702AD-ABFB-343A-A199-8E24837244A3}.Release|x64.ActiveCfg = Release|Win32
		{B12702AD-ABFB-343A-A199-8E24837244A3}.Release|x86.ActiveCfg = Release|Win32
		{B12702AD-ABFB-343A-A199-8E24837244A3}.Release|x86.Build.0 = Release|Win32
	EndGlobalSection
	GlobalSection(SolutionProperties) = preSolution
		HideSolutionNode = FALSE
	EndGlobalSection
	GlobalSection(NestedProjects) = preSolution
		{B12702AD-ABFB-343A-A199-8E24837244A3} = {00036FC7-C99E-4C2E-A62C-E5C1EC2726F2}
	EndGlobalSection
EndGlobal
